// !$*UTF8*$!
{
	archiveVersion = 1;
	classes = {
	};
	objectVersion = 56;
	objects = {

/* Begin PBXBuildFile section */
		5393DF3129D5B8D60031A1FF /* ChuckNorrisJoke.swift in Sources */ = {isa = PBXBuildFile; fileRef = 5393DF3029D5B8D60031A1FF /* ChuckNorrisJoke.swift */; };
		5393DF3729D62ED40031A1FF /* NetworkService in Frameworks */ = {isa = PBXBuildFile; productRef = 5393DF3629D62ED40031A1FF /* NetworkService */; };
		53BC8E9429D5B36E000B9FB4 /* JokeAPIApp.swift in Sources */ = {isa = PBXBuildFile; fileRef = 53BC8E9329D5B36E000B9FB4 /* JokeAPIApp.swift */; };
		53BC8E9629D5B36E000B9FB4 /* DevTechieGenericNetworkManager.swift in Sources */ = {isa = PBXBuildFile; fileRef = 53BC8E9529D5B36E000B9FB4 /* DevTechieGenericNetworkManager.swift */; };
		53BC8E9829D5B36F000B9FB4 /* Assets.xcassets in Resources */ = {isa = PBXBuildFile; fileRef = 53BC8E9729D5B36F000B9FB4 /* Assets.xcassets */; };
		53BC8E9B29D5B36F000B9FB4 /* Preview Assets.xcassets in Resources */ = {isa = PBXBuildFile; fileRef = 53BC8E9A29D5B36F000B9FB4 /* Preview Assets.xcassets */; };
/* End PBXBuildFile section */

/* Begin PBXFileReference section */
		5393DF3029D5B8D60031A1FF /* ChuckNorrisJoke.swift */ = {isa = PBXFileReference; lastKnownFileType = sourcecode.swift; path = ChuckNorrisJoke.swift; sourceTree = "<group>"; };
		53BC8E9029D5B36E000B9FB4 /* JokeAPI.app */ = {isa = PBXFileReference; explicitFileType = wrapper.application; includeInIndex = 0; path = JokeAPI.app; sourceTree = BUILT_PRODUCTS_DIR; };
		53BC8E9329D5B36E000B9FB4 /* JokeAPIApp.swift */ = {isa = PBXFileReference; lastKnownFileType = sourcecode.swift; path = JokeAPIApp.swift; sourceTree = "<group>"; };
		53BC8E9529D5B36E000B9FB4 /* DevTechieGenericNetworkManager.swift */ = {isa = PBXFileReference; lastKnownFileType = sourcecode.swift; path = DevTechieGenericNetworkManager.swift; sourceTree = "<group>"; };
		53BC8E9729D5B36F000B9FB4 /* Assets.xcassets */ = {isa = PBXFileReference; lastKnownFileType = folder.assetcatalog; path = Assets.xcassets; sourceTree = "<group>"; };
		53BC8E9A29D5B36F000B9FB4 /* Preview Assets.xcassets */ = {isa = PBXFileReference; lastKnownFileType = folder.assetcatalog; path = "Preview Assets.xcassets"; sourceTree = "<group>"; };
		53BC8EA329D5B5CE000B9FB4 /* JokeAPI.xctestplan */ = {isa = PBXFileReference; lastKnownFileType = text; path = JokeAPI.xctestplan; sourceTree = "<group>"; };
/* End PBXFileReference section */

/* Begin PBXFrameworksBuildPhase section */
		53BC8E8D29D5B36E000B9FB4 /* Frameworks */ = {
			isa = PBXFrameworksBuildPhase;
			buildActionMask = 2147483647;
			files = (
				5393DF3729D62ED40031A1FF /* NetworkService in Frameworks */,
			);
			runOnlyForDeploymentPostprocessing = 0;
		};
/* End PBXFrameworksBuildPhase section */

/* Begin PBXGroup section */
		5393DF2F29D5B8740031A1FF /* Model */ = {
			isa = PBXGroup;
			children = (
				5393DF3029D5B8D60031A1FF /* ChuckNorrisJoke.swift */,
			);
			path = Model;
			sourceTree = "<group>";
		};
		5393DF3229D5B91F0031A1FF /* View */ = {
			isa = PBXGroup;
			children = (
				53BC8E9529D5B36E000B9FB4 /* DevTechieGenericNetworkManager.swift */,
			);
			path = View;
			sourceTree = "<group>";
		};
		53BC8E8729D5B36E000B9FB4 = {
			isa = PBXGroup;
			children = (
				53BC8E9229D5B36E000B9FB4 /* JokeAPI */,
				53BC8E9129D5B36E000B9FB4 /* Products */,
			);
			sourceTree = "<group>";
		};
		53BC8E9129D5B36E000B9FB4 /* Products */ = {
			isa = PBXGroup;
			children = (
				53BC8E9029D5B36E000B9FB4 /* JokeAPI.app */,
			);
			name = Products;
			sourceTree = "<group>";
		};
		53BC8E9229D5B36E000B9FB4 /* JokeAPI */ = {
			isa = PBXGroup;
			children = (
				53BC8E9329D5B36E000B9FB4 /* JokeAPIApp.swift */,
				5393DF3229D5B91F0031A1FF /* View */,
				5393DF2F29D5B8740031A1FF /* Model */,
				53BC8EA329D5B5CE000B9FB4 /* JokeAPI.xctestplan */,
				53BC8E9729D5B36F000B9FB4 /* Assets.xcassets */,
				53BC8E9929D5B36F000B9FB4 /* Preview Content */,
			);
			path = JokeAPI;
			sourceTree = "<group>";
		};
		53BC8E9929D5B36F000B9FB4 /* Preview Content */ = {
			isa = PBXGroup;
			children = (
				53BC8E9A29D5B36F000B9FB4 /* Preview Assets.xcassets */,
			);
			path = "Preview Content";
			sourceTree = "<group>";
		};
/* End PBXGroup section */

/* Begin PBXNativeTarget section */
		53BC8E8F29D5B36E000B9FB4 /* JokeAPI */ = {
			isa = PBXNativeTarget;
			buildConfigurationList = 53BC8E9E29D5B36F000B9FB4 /* Build configuration list for PBXNativeTarget "JokeAPI" */;
			buildPhases = (
				53BC8E8C29D5B36E000B9FB4 /* Sources */,
				53BC8E8D29D5B36E000B9FB4 /* Frameworks */,
				53BC8E8E29D5B36E000B9FB4 /* Resources */,
			);
			buildRules = (
			);
			dependencies = (
			);
			name = JokeAPI;
			packageProductDependencies = (
				5393DF3629D62ED40031A1FF /* NetworkService */,
			);
			productName = JokeAPI;
			productReference = 53BC8E9029D5B36E000B9FB4 /* JokeAPI.app */;
			productType = "com.apple.product-type.application";
		};
/* End PBXNativeTarget section */

/* Begin PBXProject section */
		53BC8E8829D5B36E000B9FB4 /* Project object */ = {
			isa = PBXProject;
			attributes = {
				BuildIndependentTargetsInParallel = 1;
				LastSwiftUpdateCheck = 1420;
				LastUpgradeCheck = 1420;
				TargetAttributes = {
					53BC8E8F29D5B36E000B9FB4 = {
						CreatedOnToolsVersion = 14.2;
					};
				};
			};
			buildConfigurationList = 53BC8E8B29D5B36E000B9FB4 /* Build configuration list for PBXProject "JokeAPI" */;
			compatibilityVersion = "Xcode 14.0";
			developmentRegion = en;
			hasScannedForEncodings = 0;
			knownRegions = (
				en,
				Base,
			);
			mainGroup = 53BC8E8729D5B36E000B9FB4;
			packageReferences = (
				5393DF3529D62ED40031A1FF /* XCRemoteSwiftPackageReference "NetworkService" */,
			);
			productRefGroup = 53BC8E9129D5B36E000B9FB4 /* Products */;
			projectDirPath = "";
			projectRoot = "";
			targets = (
				53BC8E8F29D5B36E000B9FB4 /* JokeAPI */,
			);
		};
/* End PBXProject section */

/* Begin PBXResourcesBuildPhase section */
		53BC8E8E29D5B36E000B9FB4 /* Resources */ = {
			isa = PBXResourcesBuildPhase;
			buildActionMask = 2147483647;
			files = (
				53BC8E9B29D5B36F000B9FB4 /* Preview Assets.xcassets in Resources */,
				53BC8E9829D5B36F000B9FB4 /* Assets.xcassets in Resources */,
			);
			runOnlyForDeploymentPostprocessing = 0;
		};
/* End PBXResourcesBuildPhase section */

/* Begin PBXSourcesBuildPhase section */
		53BC8E8C29D5B36E000B9FB4 /* Sources */ = {
			isa = PBXSourcesBuildPhase;
			buildActionMask = 2147483647;
			files = (
				5393DF3129D5B8D60031A1FF /* ChuckNorrisJoke.swift in Sources */,
				53BC8E9629D5B36E000B9FB4 /* DevTechieGenericNetworkManager.swift in Sources */,
				53BC8E9429D5B36E000B9FB4 /* JokeAPIApp.swift in Sources */,
			);
			runOnlyForDeploymentPostprocessing = 0;
		};
/* End PBXSourcesBuildPhase section */

/* Begin XCBuildConfiguration section */
		53BC8E9C29D5B36F000B9FB4 /* Debug */ = {
			isa = XCBuildConfiguration;
			buildSettings = {
				ALWAYS_SEARCH_USER_PATHS = NO;
				CLANG_ANALYZER_NONNULL = YES;
				CLANG_ANALYZER_NUMBER_OBJECT_CONVERSION = YES_AGGRESSIVE;
				CLANG_CXX_LANGUAGE_STANDARD = "gnu++20";
				CLANG_ENABLE_MODULES = YES;
				CLANG_ENABLE_OBJC_ARC = YES;
				CLANG_ENABLE_OBJC_WEAK = YES;
				CLANG_WARN_BLOCK_CAPTURE_AUTORELEASING = YES;
				CLANG_WARN_BOOL_CONVERSION = YES;
				CLANG_WARN_COMMA = YES;
				CLANG_WARN_CONSTANT_CONVERSION = YES;
				CLANG_WARN_DEPRECATED_OBJC_IMPLEMENTATIONS = YES;
				CLANG_WARN_DIRECT_OBJC_ISA_USAGE = YES_ERROR;
				CLANG_WARN_DOCUMENTATION_COMMENTS = YES;
				CLANG_WARN_EMPTY_BODY = YES;
				CLANG_WARN_ENUM_CONVERSION = YES;
				CLANG_WARN_INFINITE_RECURSION = YES;
				CLANG_WARN_INT_CONVERSION = YES;
				CLANG_WARN_NON_LITERAL_NULL_CONVERSION = YES;
				CLANG_WARN_OBJC_IMPLICIT_RETAIN_SELF = YES;
				CLANG_WARN_OBJC_LITERAL_CONVERSION = YES;
				CLANG_WARN_OBJC_ROOT_CLASS = YES_ERROR;
				CLANG_WARN_QUOTED_INCLUDE_IN_FRAMEWORK_HEADER = YES;
				CLANG_WARN_RANGE_LOOP_ANALYSIS = YES;
				CLANG_WARN_STRICT_PROTOTYPES = YES;
				CLANG_WARN_SUSPICIOUS_MOVE = YES;
				CLANG_WARN_UNGUARDED_AVAILABILITY = YES_AGGRESSIVE;
				CLANG_WARN_UNREACHABLE_CODE = YES;
				CLANG_WARN__DUPLICATE_METHOD_MATCH = YES;
				COPY_PHASE_STRIP = NO;
				DEBUG_INFORMATION_FORMAT = dwarf;
				ENABLE_STRICT_OBJC_MSGSEND = YES;
				ENABLE_TESTABILITY = YES;
				GCC_C_LANGUAGE_STANDARD = gnu11;
				GCC_DYNAMIC_NO_PIC = NO;
				GCC_NO_COMMON_BLOCKS = YES;
				GCC_OPTIMIZATION_LEVEL = 0;
				GCC_PREPROCESSOR_DEFINITIONS = (
					"DEBUG=1",
					"$(inherited)",
				);
				GCC_WARN_64_TO_32_BIT_CONVERSION = YES;
				GCC_WARN_ABOUT_RETURN_TYPE = YES_ERROR;
				GCC_WARN_UNDECLARED_SELECTOR = YES;
				GCC_WARN_UNINITIALIZED_AUTOS = YES_AGGRESSIVE;
				GCC_WARN_UNUSED_FUNCTION = YES;
				GCC_WARN_UNUSED_VARIABLE = YES;
				IPHONEOS_DEPLOYMENT_TARGET = 16.2;
				MTL_ENABLE_DEBUG_INFO = INCLUDE_SOURCE;
				MTL_FAST_MATH = YES;
				ONLY_ACTIVE_ARCH = YES;
				SDKROOT = iphoneos;
				SWIFT_ACTIVE_COMPILATION_CONDITIONS = DEBUG;
				SWIFT_OPTIMIZATION_LEVEL = "-Onone";
			};
			name = Debug;
		};
		53BC8E9D29D5B36F000B9FB4 /* Release */ = {
			isa = XCBuildConfiguration;
			buildSettings = {
				ALWAYS_SEARCH_USER_PATHS = NO;
				CLANG_ANALYZER_NONNULL = YES;
				CLANG_ANALYZER_NUMBER_OBJECT_CONVERSION = YES_AGGRESSIVE;
				CLANG_CXX_LANGUAGE_STANDARD = "gnu++20";
				CLANG_ENABLE_MODULES = YES;
				CLANG_ENABLE_OBJC_ARC = YES;
				CLANG_ENABLE_OBJC_WEAK = YES;
				CLANG_WARN_BLOCK_CAPTURE_AUTORELEASING = YES;
				CLANG_WARN_BOOL_CONVERSION = YES;
				CLANG_WARN_COMMA = YES;
				CLANG_WARN_CONSTANT_CONVERSION = YES;
				CLANG_WARN_DEPRECATED_OBJC_IMPLEMENTATIONS = YES;
				CLANG_WARN_DIRECT_OBJC_ISA_USAGE = YES_ERROR;
				CLANG_WARN_DOCUMENTATION_COMMENTS = YES;
				CLANG_WARN_EMPTY_BODY = YES;
				CLANG_WARN_ENUM_CONVERSION = YES;
				CLANG_WARN_INFINITE_RECURSION = YES;
				CLANG_WARN_INT_CONVERSION = YES;
				CLANG_WARN_NON_LITERAL_NULL_CONVERSION = YES;
				CLANG_WARN_OBJC_IMPLICIT_RETAIN_SELF = YES;
				CLANG_WARN_OBJC_LITERAL_CONVERSION = YES;
				CLANG_WARN_OBJC_ROOT_CLASS = YES_ERROR;
				CLANG_WARN_QUOTED_INCLUDE_IN_FRAMEWORK_HEADER = YES;
				CLANG_WARN_RANGE_LOOP_ANALYSIS = YES;
				CLANG_WARN_STRICT_PROTOTYPES = YES;
				CLANG_WARN_SUSPICIOUS_MOVE = YES;
				CLANG_WARN_UNGUARDED_AVAILABILITY = YES_AGGRESSIVE;
				CLANG_WARN_UNREACHABLE_CODE = YES;
				CLANG_WARN__DUPLICATE_METHOD_MATCH = YES;
				COPY_PHASE_STRIP = NO;
				DEBUG_INFORMATION_FORMAT = "dwarf-with-dsym";
				ENABLE_NS_ASSERTIONS = NO;
				ENABLE_STRICT_OBJC_MSGSEND = YES;
				GCC_C_LANGUAGE_STANDARD = gnu11;
				GCC_NO_COMMON_BLOCKS = YES;
				GCC_WARN_64_TO_32_BIT_CONVERSION = YES;
				GCC_WARN_ABOUT_RETURN_TYPE = YES_ERROR;
				GCC_WARN_UNDECLARED_SELECTOR = YES;
				GCC_WARN_UNINITIALIZED_AUTOS = YES_AGGRESSIVE;
				GCC_WARN_UNUSED_FUNCTION = YES;
				GCC_WARN_UNUSED_VARIABLE = YES;
				IPHONEOS_DEPLOYMENT_TARGET = 16.2;
				MTL_ENABLE_DEBUG_INFO = NO;
				MTL_FAST_MATH = YES;
				SDKROOT = iphoneos;
				SWIFT_COMPILATION_MODE = wholemodule;
				SWIFT_OPTIMIZATION_LEVEL = "-O";
				VALIDATE_PRODUCT = YES;
			};
			name = Release;
		};
		53BC8E9F29D5B36F000B9FB4 /* Debug */ = {
			isa = XCBuildConfiguration;
			buildSettings = {
				ASSETCATALOG_COMPILER_APPICON_NAME = AppIcon;
				ASSETCATALOG_COMPILER_GLOBAL_ACCENT_COLOR_NAME = AccentColor;
				CODE_SIGN_STYLE = Automatic;
				CURRENT_PROJECT_VERSION = 1;
				DEVELOPMENT_ASSET_PATHS = "\"JokeAPI/Preview Content\"";
				ENABLE_PREVIEWS = YES;
				GENERATE_INFOPLIST_FILE = YES;
				INFOPLIST_KEY_UIApplicationSceneManifest_Generation = YES;
				INFOPLIST_KEY_UIApplicationSupportsIndirectInputEvents = YES;
				INFOPLIST_KEY_UILaunchScreen_Generation = YES;
				INFOPLIST_KEY_UISupportedInterfaceOrientations_iPad = "UIInterfaceOrientationPortrait UIInterfaceOrientationPortraitUpsideDown UIInterfaceOrientationLandscapeLeft UIInterfaceOrientationLandscapeRight";
				INFOPLIST_KEY_UISupportedInterfaceOrientations_iPhone = "UIInterfaceOrientationPortrait UIInterfaceOrientationLandscapeLeft UIInterfaceOrientationLandscapeRight";
				LD_RUNPATH_SEARCH_PATHS = (
					"$(inherited)",
					"@executable_path/Frameworks",
				);
				MARKETING_VERSION = 1.0;
				PRODUCT_BUNDLE_IDENTIFIER = mahdia.JokeAPI;
				PRODUCT_NAME = "$(TARGET_NAME)";
				SWIFT_EMIT_LOC_STRINGS = YES;
				SWIFT_VERSION = 5.0;
				TARGETED_DEVICE_FAMILY = "1,2";
			};
			name = Debug;
		};
		53BC8EA029D5B36F000B9FB4 /* Release */ = {
			isa = XCBuildConfiguration;
			buildSettings = {
				ASSETCATALOG_COMPILER_APPICON_NAME = AppIcon;
				ASSETCATALOG_COMPILER_GLOBAL_ACCENT_COLOR_NAME = AccentColor;
				CODE_SIGN_STYLE = Automatic;
				CURRENT_PROJECT_VERSION = 1;
				DEVELOPMENT_ASSET_PATHS = "\"JokeAPI/Preview Content\"";
				ENABLE_PREVIEWS = YES;
				GENERATE_INFOPLIST_FILE = YES;
				INFOPLIST_KEY_UIApplicationSceneManifest_Generation = YES;
				INFOPLIST_KEY_UIApplicationSupportsIndirectInputEvents = YES;
				INFOPLIST_KEY_UILaunchScreen_Generation = YES;
				INFOPLIST_KEY_UISupportedInterfaceOrientations_iPad = "UIInterfaceOrientationPortrait UIInterfaceOrientationPortraitUpsideDown UIInterfaceOrientationLandscapeLeft UIInterfaceOrientationLandscapeRight";
				INFOPLIST_KEY_UISupportedInterfaceOrientations_iPhone = "UIInterfaceOrientationPortrait UIInterfaceOrientationLandscapeLeft UIInterfaceOrientationLandscapeRight";
				LD_RUNPATH_SEARCH_PATHS = (
					"$(inherited)",
					"@executable_path/Frameworks",
				);
				MARKETING_VERSION = 1.0;
				PRODUCT_BUNDLE_IDENTIFIER = mahdia.JokeAPI;
				PRODUCT_NAME = "$(TARGET_NAME)";
				SWIFT_EMIT_LOC_STRINGS = YES;
				SWIFT_VERSION = 5.0;
				TARGETED_DEVICE_FAMILY = "1,2";
			};
			name = Release;
		};
/* End XCBuildConfiguration section */

/* Begin XCConfigurationList section */
		53BC8E8B29D5B36E000B9FB4 /* Build configuration list for PBXProject "JokeAPI" */ = {
			isa = XCConfigurationList;
			buildConfigurations = (
				53BC8E9C29D5B36F000B9FB4 /* Debug */,
				53BC8E9D29D5B36F000B9FB4 /* Release */,
			);
			defaultConfigurationIsVisible = 0;
			defaultConfigurationName = Release;
		};
		53BC8E9E29D5B36F000B9FB4 /* Build configuration list for PBXNativeTarget "JokeAPI" */ = {
			isa = XCConfigurationList;
			buildConfigurations = (
				53BC8E9F29D5B36F000B9FB4 /* Debug */,
				53BC8EA029D5B36F000B9FB4 /* Release */,
			);
			defaultConfigurationIsVisible = 0;
			defaultConfigurationName = Release;
		};
/* End XCConfigurationList section */

/* Begin XCRemoteSwiftPackageReference section */
		5393DF3529D62ED40031A1FF /* XCRemoteSwiftPackageReference "NetworkService" */ = {
			isa = XCRemoteSwiftPackageReference;
			repositoryURL = "https://github.com/diamah06/NetworkService.git";
			requirement = {
				branch = main;
				kind = branch;
			};
		};
/* End XCRemoteSwiftPackageReference section */

/* Begin XCSwiftPackageProductDependency section */
		5393DF3629D62ED40031A1FF /* NetworkService */ = {
			isa = XCSwiftPackageProductDependency;
			package = 5393DF3529D62ED40031A1FF /* XCRemoteSwiftPackageReference "NetworkService" */;
			productName = NetworkService;
		};
/* End XCSwiftPackageProductDependency section */
	};
	rootObject = 53BC8E8829D5B36E000B9FB4 /* Project object */;
}
